{
  "name": "recordschema",
  "version": "0.0.1",
  "lockfileVersion": 3,
  "requires": true,
  "packages": {
    "": {
      "name": "recordschema",
      "version": "0.0.1",
      "license": "MIT",
      "dependencies": {
        "fxcie-utils": "^0.0.5"
      }
    },
    "node_modules/fxcie-utils": {
      "version": "0.0.5",
      "resolved": "https://registry.npmjs.org/fxcie-utils/-/fxcie-utils-0.0.5.tgz",
      "integrity": "sha512-PP76WwPy8lE6qsbU+EcESr6Q6IITVd5xDobUmamGmjlBV66/p567eSwCUCxGs/oZw2ilev59M8PHKqfce4nn1Q=="
    }
  }
}
